
Microsoft Visual Studio Solution File, Format Version 12.00
# Visual Studio 15
VisualStudioVersion = 15.0.28307.106
MinimumVisualStudioVersion = 10.0.40219.1
Project("{8BC9CEB8-8B4A-11D0-8D11-00A0C91BC942}") = "Robot", "Projet\Robot.vcxproj", "{B0A1AF87-F642-456A-9C64-9C7ABBDF9EC1}"
EndProject
Project("{2150E333-8FDC-42A3-9474-1A3956D46DE8}") = "Solution Items", "Solution Items", "{0325F3E0-2847-4806-AC24-98F1EA9B96A8}"
	ProjectSection(SolutionItems) = preProject
		README.md = README.md
	EndProjectSection
EndProject
Global
	GlobalSection(SolutionConfigurationPlatforms) = preSolution
		Debug|x64 = Debug|x64
		Debug|x86 = Debug|x86
		Release|x64 = Release|x64
		Release|x86 = Release|x86
	EndGlobalSection
	GlobalSection(ProjectConfigurationPlatforms) = postSolution
		{B0A1AF87-F642-456A-9C64-9C7ABBDF9EC1}.Debug|x64.ActiveCfg = Debug|Win32
		{B0A1AF87-F642-456A-9C64-9C7ABBDF9EC1}.Debug|x64.Build.0 = Debug|Win32
		{B0A1AF87-F642-456A-9C64-9C7ABBDF9EC1}.Debug|x86.ActiveCfg = Debug|Win32
		{B0A1AF87-F642-456A-9C64-9C7ABBDF9EC1}.Debug|x86.Build.0 = Debug|Win32
		{B0A1AF87-F642-456A-9C64-9C7ABBDF9EC1}.Release|x64.ActiveCfg = Release|Win32
		{B0A1AF87-F642-456A-9C64-9C7ABBDF9EC1}.Release|x86.ActiveCfg = Release|Win32
		{B0A1AF87-F642-456A-9C64-9C7ABBDF9EC1}.Release|x86.Build.0 = Release|Win32
	EndGlobalSection
	GlobalSection(SolutionProperties) = preSolution
		HideSolutionNode = FALSE
	EndGlobalSection
	GlobalSection(ExtensibilityGlobals) = postSolution
		SolutionGuid = {4338A053-DB8E-4579-9EC7-6EF72CA14DA8}
	EndGlobalSection
EndGlobal
